{
  "lockfile_version": "1",
  "packages": {
    "autoconf@latest": {
      "last_modified": "2026-05-21T08:15:18Z",
      "resolved": "github:NixOS/nixpkgs/4a29d733e8a7d5b824c3d8c958a946a9867b3eb2#autoconf",
      "source": "devbox-search",
      "version": "2.73",
      "systems": {
        "aarch64-darwin": {
          "outputs": [
            {
              "name": "out",
              "path": "/nix/store/z81cjs7gbr38jza8a9rslfb9x0nyywn1-autoconf-2.73",
              "default": true
            },
            {
              "name": "doc",
              "path": "/nix/store/gby6jfsjzmjwxwgswlxdx75i57zl2nb7-autoconf-2.73-doc"
            }
          ],
          "store_path": "/nix/store/z81cjs7gbr38jza8a9rslfb9x0nyywn1-autoconf-2.73"
        },
        "aarch64-linux": {
          "outputs": [
            {
              "name": "out",
              "path": "/nix/store/d8dbw6kvqzfmdnjv722yriflrx4rlykb-autoconf-2.73",
              "default": true
            },
            {
              "name": "doc",
              "path": "/nix/store/0bfq3980sll24xkk7i414gsxyw22jl42-autoconf-2.73-doc"
            }
          ],
          "store_path": "/nix/store/d8dbw6kvqzfmdnjv722yriflrx4rlykb-autoconf-2.73"
        },
        "x86_64-darwin": {
          "outputs": [
            {
              "name": "out",
              "path": "/nix/store/5lpllx2pbgclzs2zdrss9hfcbwrdwnmb-autoconf-2.73",
              "default": true
            },
            {
              "name": "doc",
              "path": "/nix/store/sp3v3qb440px74xdilwmzlq2mdsdg91j-autoconf-2.73-doc"
            }
          ],
          "store_path": "/nix/store/5lpllx2pbgclzs2zdrss9hfcbwrdwnmb-autoconf-2.73"
        },
        "x86_64-linux": {
          "outputs": [
            {
              "name": "out",
              "path": "/nix/store/c3g361js93jz2xx8lx6mnmqg76lghxxh-autoconf-2.73",
              "default": true
            },
            {
              "name": "doc",
              "path": "/nix/store/jvf8qvsfkmgqi83cg1fkb3clfwhq4lsg-autoconf-2.73-doc"
            }
          ],
          "store_path": "/nix/store/c3g361js93jz2xx8lx6mnmqg76lghxxh-autoconf-2.73"
        }
      }
    },
    "automake@latest": {
      "last_modified": "2026-05-21T08:15:18Z",
      "resolved": "github:NixOS/nixpkgs/4a29d733e8a7d5b824c3d8c958a946a9867b3eb2#automake",
      "source": "devbox-search",
      "version": "1.18.1",
      "systems": {
        "aarch64-darwin": {
          "outputs": [
            {
              "name": "out",
              "path": "/nix/store/2p90i81rx0qh27izydnpa3h2w2zyf2ah-automake-1.18.1",
              "default": true
            }
          ],
          "store_path": "/nix/store/2p90i81rx0qh27izydnpa3h2w2zyf2ah-automake-1.18.1"
        },
        "aarch64-linux": {
          "outputs": [
            {
              "name": "out",
              "path": "/nix/store/rql2r4fdgys2f9wmx9hmcf2qjna96p1a-automake-1.18.1",
              "default": true
            }
          ],
          "store_path": "/nix/store/rql2r4fdgys2f9wmx9hmcf2qjna96p1a-automake-1.18.1"
        },
        "x86_64-darwin": {
          "outputs": [
            {
              "name": "out",
              "path": "/nix/store/pkqvi5snnhjy9gi9rnrid3rg62r2l931-automake-1.18.1",
              "default": true
            }
          ],
          "store_path": "/nix/store/pkqvi5snnhjy9gi9rnrid3rg62r2l931-automake-1.18.1"
        },
        "x86_64-linux": {
          "outputs": [
            {
              "name": "out",
              "path": "/nix/store/6c9ac94g1wwn7rgghbhddpxsz4p5l24b-automake-1.18.1",
              "default": true
            }
          ],
          "store_path": "/nix/store/6c9ac94g1wwn7rgghbhddpxsz4p5l24b-automake-1.18.1"
        }
      }
    },
    "bison@latest": {
      "last_modified": "2026-05-21T08:15:18Z",
      "resolved": "github:NixOS/nixpkgs/4a29d733e8a7d5b824c3d8c958a946a9867b3eb2#bison",
      "source": "devbox-search",
      "version": "3.8.2",
      "systems": {
        "aarch64-darwin": {
          "outputs": [
            {
              "name": "out",
              "path": "/nix/store/v7z36kkh1npbjsfcf6qyvpc2hzzbwjrh-bison-3.8.2",
              "default": true
            }
          ],
          "store_path": "/nix/store/v7z36kkh1npbjsfcf6qyvpc2hzzbwjrh-bison-3.8.2"
        },
        "aarch64-linux": {
          "outputs": [
            {
              "name": "out",
              "path": "/nix/store/2dq5v36rskyn1d2r7xadhvk690vrz9m4-bison-3.8.2",
              "default": true
            }
          ],
          "store_path": "/nix/store/2dq5v36rskyn1d2r7xadhvk690vrz9m4-bison-3.8.2"
        },
        "x86_64-darwin": {
          "outputs": [
            {
              "name": "out",
              "path": "/nix/store/z7x772jkpgp9d3npgrlg0088gfrp5iha-bison-3.8.2",
              "default": true
            }
          ],
          "store_path": "/nix/store/z7x772jkpgp9d3npgrlg0088gfrp5iha-bison-3.8.2"
        },
        "x86_64-linux": {
          "outputs": [
            {
              "name": "out",
              "path": "/nix/store/xnrdzhzdkwpjcdl3rzqmqpaa8sn7g870-bison-3.8.2",
              "default": true
            }
          ],
          "store_path": "/nix/store/xnrdzhzdkwpjcdl3rzqmqpaa8sn7g870-bison-3.8.2"
        }
      }
    },
    "bubblewrap@latest": {
      "last_modified": "2026-05-21T08:15:18Z",
      "resolved": "github:NixOS/nixpkgs/4a29d733e8a7d5b824c3d8c958a946a9867b3eb2#bubblewrap",
      "source": "devbox-search",
      "version": "0.11.2",
      "systems": {
        "aarch64-linux": {
          "outputs": [
            {
              "name": "out",
              "path": "/nix/store/g6wadinsm85z047is642axkxaqnc3613-bubblewrap-0.11.2",
              "default": true
            },
            {
              "name": "dev",
              "path": "/nix/store/d8wsh33ks4xpf1fszldpawy54k4sx1d9-bubblewrap-0.11.2-dev"
            }
          ],
          "store_path": "/nix/store/g6wadinsm85z047is642axkxaqnc3613-bubblewrap-0.11.2"
        },
        "x86_64-linux": {
          "outputs": [
            {
              "name": "out",
              "path": "/nix/store/zp6rsi809fx5h7dccn7aidg1mj8zgn52-bubblewrap-0.11.2",
              "default": true
            },
            {
              "name": "dev",
              "path": "/nix/store/wglhvf4chksr7dhm3xcawb1iina9jksp-bubblewrap-0.11.2-dev"
            }
          ],
          "store_path": "/nix/store/zp6rsi809fx5h7dccn7aidg1mj8zgn52-bubblewrap-0.11.2"
        }
      }
    },
    "cargo@1.95.0": {
      "last_modified": "2026-05-21T08:15:18Z",
      "resolved": "github:NixOS/nixpkgs/4a29d733e8a7d5b824c3d8c958a946a9867b3eb2#cargo",
      "source": "devbox-search",
      "version": "1.95.0",
      "systems": {
        "aarch64-darwin": {
          "outputs": [
            {
              "name": "out",
              "path": "/nix/store/2vdxz4xwplgb5rgfhqr0jr85fd7qqgmb-cargo-1.95.0",
              "default": true
            }
          ],
          "store_path": "/nix/store/2vdxz4xwplgb5rgfhqr0jr85fd7qqgmb-cargo-1.95.0"
        },
        "aarch64-linux": {
          "outputs": [
            {
              "name": "out",
              "path": "/nix/store/f8rxcxfwk1qhazprqnfji401x08xp9dr-cargo-1.95.0",
              "default": true
            }
          ],
          "store_path": "/nix/store/f8rxcxfwk1qhazprqnfji401x08xp9dr-cargo-1.95.0"
        },
        "x86_64-darwin": {
          "outputs": [
            {
              "name": "out",
              "path": "/nix/store/5z8rq35zk9jqnnfw4m49fwpgq7phdhai-cargo-1.95.0",
              "default": true
            }
          ],
          "store_path": "/nix/store/5z8rq35zk9jqnnfw4m49fwpgq7phdhai-cargo-1.95.0"
        },
        "x86_64-linux": {
          "outputs": [
            {
              "name": "out",
              "path": "/nix/store/z480b23kymbmrijrl49246mrzyphli15-cargo-1.95.0",
              "default": true
            }
          ],
          "store_path": "/nix/store/z480b23kymbmrijrl49246mrzyphli15-cargo-1.95.0"
        }
      }
    },
    "clippy@1.95.0": {
      "last_modified": "2026-05-21T08:15:18Z",
      "resolved": "github:NixOS/nixpkgs/4a29d733e8a7d5b824c3d8c958a946a9867b3eb2#clippy",
      "source": "devbox-search",
      "version": "1.95.0",
      "systems": {
        "aarch64-darwin": {
          "outputs": [
            {
              "name": "out",
              "path": "/nix/store/zzzj3civ800ml2hv9czssyzsbfxl2ss7-clippy-1.95.0",
              "default": true
            }
          ],
          "store_path": "/nix/store/zzzj3civ800ml2hv9czssyzsbfxl2ss7-clippy-1.95.0"
        },
        "aarch64-linux": {
          "outputs": [
            {
              "name": "out",
              "path": "/nix/store/03g145gvrijz5wryc6538m3ayzgbmlq0-clippy-1.95.0",
              "default": true
            },
            {
              "name": "debug",
              "path": "/nix/store/a9j78978hxxwwbr7nbbmwl110ljsv192-clippy-1.95.0-debug"
            }
          ],
          "store_path": "/nix/store/03g145gvrijz5wryc6538m3ayzgbmlq0-clippy-1.95.0"
        },
        "x86_64-darwin": {
          "outputs": [
            {
              "name": "out",
              "path": "/nix/store/ipr8v8md5glz2c6nd1zi7193s62va753-clippy-1.95.0",
              "default": true
            }
          ],
          "store_path": "/nix/store/ipr8v8md5glz2c6nd1zi7193s62va753-clippy-1.95.0"
        },
        "x86_64-linux": {
          "outputs": [
            {
              "name": "out",
              "path": "/nix/store/42vpa7gg09gs6x9v4y7aizmxwmrc35ac-clippy-1.95.0",
              "default": true
            },
            {
              "name": "debug",
              "path": "/nix/store/clml4f18gybrzp40n0mhq8kv0rw98rmq-clippy-1.95.0-debug"
            }
          ],
          "store_path": "/nix/store/42vpa7gg09gs6x9v4y7aizmxwmrc35ac-clippy-1.95.0"
        }
      }
    },
    "github:NixOS/nixpkgs/nixpkgs-unstable": {
      "last_modified": "2026-05-27T10:28:13Z",
      "resolved": "github:NixOS/nixpkgs/4100e830e085863741bc69b156ec4ccd53ab5be0?lastModified=1779877693&narHash=sha256-NOF9NAREhxr50bbBfVcVOq%2BArCMSoe8dP79Pk2uyARk%3D"
    },
    "lua54Packages.lua@5.4.7": {
      "last_modified": "2026-05-21T08:15:18Z",
      "resolved": "github:NixOS/nixpkgs/4a29d733e8a7d5b824c3d8c958a946a9867b3eb2#lua54Packages.lua",
      "source": "devbox-search",
      "version": "5.4.7",
      "systems": {
        "aarch64-darwin": {
          "outputs": [
            {
              "name": "out",
              "path": "/nix/store/w0i5xm1250c1qnpsl6yzpry9xbhsy84j-lua-5.4.7",
              "default": true
            },
            {
              "name": "doc",
              "path": "/nix/store/kjmq2pvhksa9760wpkd42wg5bqv0maib-lua-5.4.7-doc"
            }
          ],
          "store_path": "/nix/store/w0i5xm1250c1qnpsl6yzpry9xbhsy84j-lua-5.4.7"
        },
        "aarch64-linux": {
          "outputs": [
            {
              "name": "out",
              "path": "/nix/store/74n6x2z09qy70i9hc5hijpx3pkib2l2x-lua-5.4.7",
              "default": true
            },
            {
              "name": "doc",
              "path": "/nix/store/g11h599h0w2qv88sh48mz0cs2gryfk77-lua-5.4.7-doc"
            }
          ],
          "store_path": "/nix/store/74n6x2z09qy70i9hc5hijpx3pkib2l2x-lua-5.4.7"
        },
        "x86_64-darwin": {
          "outputs": [
            {
              "name": "out",
              "path": "/nix/store/sjqgjrdh3x9jx6majd74x09px4mb67qk-lua-5.4.7",
              "default": true
            },
            {
              "name": "doc",
              "path": "/nix/store/rx9dq5z81mcvkcp3m79330553z4di4p8-lua-5.4.7-doc"
            }
          ],
          "store_path": "/nix/store/sjqgjrdh3x9jx6majd74x09px4mb67qk-lua-5.4.7"
        },
        "x86_64-linux": {
          "outputs": [
            {
              "name": "out",
              "path": "/nix/store/0i6c2awwzk0padnbmx1fi8akh0g76wr0-lua-5.4.7",
              "default": true
            },
            {
              "name": "doc",
              "path": "/nix/store/mjpvdnnl54ycnf9v22ln1jf0z3c9gdzr-lua-5.4.7-doc"
            }
          ],
          "store_path": "/nix/store/0i6c2awwzk0padnbmx1fi8akh0g76wr0-lua-5.4.7"
        }
      }
    },
    "pkg-config@latest": {
      "last_modified": "2025-11-23T21:50:36Z",
      "resolved": "github:NixOS/nixpkgs/ee09932cedcef15aaf476f9343d1dea2cb77e261#pkg-config",
      "source": "devbox-search",
      "version": "0.29.2",
      "systems": {
        "aarch64-darwin": {
          "outputs": [
            {
              "name": "out",
              "path": "/nix/store/hygaaqwk9ylklp0ybwppqhw75nz8ya41-pkg-config-wrapper-0.29.2",
              "default": true
            },
            {
              "name": "man",
              "path": "/nix/store/9px0sji43x3r2w4zxl3j3idwsql7lwxx-pkg-config-wrapper-0.29.2-man",
              "default": true
            },
            {
              "name": "doc",
              "path": "/nix/store/hqk44ra6qxw7iixardl6c3hdgb9kq6ns-pkg-config-wrapper-0.29.2-doc"
            }
          ],
          "store_path": "/nix/store/hygaaqwk9ylklp0ybwppqhw75nz8ya41-pkg-config-wrapper-0.29.2"
        },
        "aarch64-linux": {
          "outputs": [
            {
              "name": "out",
              "path": "/nix/store/lbiigi8qbp7mzf1lpr7p982l1kyf01ql-pkg-config-wrapper-0.29.2",
              "default": true
            },
            {
              "name": "man",
              "path": "/nix/store/10060k24qggqyzlwdsfmni9y32zxcg0j-pkg-config-wrapper-0.29.2-man",
              "default": true
            },
            {
              "name": "doc",
              "path": "/nix/store/0y4v51ndpyvkj09hwlfqkz0c3h17zfmc-pkg-config-wrapper-0.29.2-doc"
            }
          ],
          "store_path": "/nix/store/lbiigi8qbp7mzf1lpr7p982l1kyf01ql-pkg-config-wrapper-0.29.2"
        },
        "x86_64-darwin": {
          "outputs": [
            {
              "name": "out",
              "path": "/nix/store/vknadizq0q5kffvx6y4379p9gdry9zq3-pkg-config-wrapper-0.29.2",
              "default": true
            },
            {
              "name": "man",
              "path": "/nix/store/1nyspra675q22gfhf7hn2nmfpi6rgim5-pkg-config-wrapper-0.29.2-man",
              "default": true
            },
            {
              "name": "doc",
              "path": "/nix/store/7lq1axxwrafwljs06n88bzyz9w523rkc-pkg-config-wrapper-0.29.2-doc"
            }
          ],
          "store_path": "/nix/store/vknadizq0q5kffvx6y4379p9gdry9zq3-pkg-config-wrapper-0.29.2"
        },
        "x86_64-linux": {
          "outputs": [
            {
              "name": "out",
              "path": "/nix/store/8vdiwpbh0g4avsd6x5v4s0di32vcl3dp-pkg-config-wrapper-0.29.2",
              "default": true
            },
            {
              "name": "man",
              "path": "/nix/store/j9xfpnrygg3v37svc5pfin9q5bm49r94-pkg-config-wrapper-0.29.2-man",
              "default": true
            },
            {
              "name": "doc",
              "path": "/nix/store/x3bypxdxaq20kykybhkf21x4jczsiy8y-pkg-config-wrapper-0.29.2-doc"
            }
          ],
          "store_path": "/nix/store/8vdiwpbh0g4avsd6x5v4s0di32vcl3dp-pkg-config-wrapper-0.29.2"
        }
      }
    },
    "rustc@1.95.0": {
      "last_modified": "2026-05-21T08:15:18Z",
      "plugin_version": "0.0.1",
      "resolved": "github:NixOS/nixpkgs/4a29d733e8a7d5b824c3d8c958a946a9867b3eb2#rustc",
      "source": "devbox-search",
      "version": "1.95.0",
      "systems": {
        "aarch64-darwin": {
          "outputs": [
            {
              "name": "out",
              "path": "/nix/store/z8dhxkw9d2bclp4hj4byyxmbihr8w4an-rustc-wrapper-1.95.0",
              "default": true
            },
            {
              "name": "man",
              "path": "/nix/store/zwylsaxwxgmbl38n3n38ym2yp8d4vh3l-rustc-wrapper-1.95.0-man",
              "default": true
            },
            {
              "name": "doc",
              "path": "/nix/store/2wiph2c9mpr0gbgan0ixpnr51pdfhlhj-rustc-wrapper-1.95.0-doc"
            }
          ],
          "store_path": "/nix/store/z8dhxkw9d2bclp4hj4byyxmbihr8w4an-rustc-wrapper-1.95.0"
        },
        "aarch64-linux": {
          "outputs": [
            {
              "name": "out",
              "path": "/nix/store/nh052ln9q9r24p3rb6zxiqqjy4anxa56-rustc-wrapper-1.95.0",
              "default": true
            },
            {
              "name": "man",
              "path": "/nix/store/p3azdhlb0nk5kz1wqc22v7srwsb37m24-rustc-wrapper-1.95.0-man",
              "default": true
            },
            {
              "name": "doc",
              "path": "/nix/store/wqzfi80f80r689n3knjqsn31zqz68z4q-rustc-wrapper-1.95.0-doc"
            }
          ],
          "store_path": "/nix/store/nh052ln9q9r24p3rb6zxiqqjy4anxa56-rustc-wrapper-1.95.0"
        },
        "x86_64-darwin": {
          "outputs": [
            {
              "name": "out",
              "path": "/nix/store/6b0k5kdmlfl91qa8mk3ssfgvskqkvy4r-rustc-wrapper-1.95.0",
              "default": true
            },
            {
              "name": "man",
              "path": "/nix/store/2cvnw62k02n4afiahfrip1ambv8c2489-rustc-wrapper-1.95.0-man",
              "default": true
            },
            {
              "name": "doc",
              "path": "/nix/store/z0jj0z80mr79c8z5mrw8k8rmp9jn43zh-rustc-wrapper-1.95.0-doc"
            }
          ],
          "store_path": "/nix/store/6b0k5kdmlfl91qa8mk3ssfgvskqkvy4r-rustc-wrapper-1.95.0"
        },
        "x86_64-linux": {
          "outputs": [
            {
              "name": "out",
              "path": "/nix/store/wnhmqix7bippbbzasj29qiyb422g9asg-rustc-wrapper-1.95.0",
              "default": true
            },
            {
              "name": "man",
              "path": "/nix/store/ivd567y3li0c80h3z5w77nh8m1ga340h-rustc-wrapper-1.95.0-man",
              "default": true
            },
            {
              "name": "doc",
              "path": "/nix/store/m4rhqgg9qqkjy7zv9jg4z21fm92y82r2-rustc-wrapper-1.95.0-doc"
            }
          ],
          "store_path": "/nix/store/wnhmqix7bippbbzasj29qiyb422g9asg-rustc-wrapper-1.95.0"
        }
      }
    },
    "rustfmt@1.95.0": {
      "last_modified": "2026-05-21T08:15:18Z",
      "resolved": "github:NixOS/nixpkgs/4a29d733e8a7d5b824c3d8c958a946a9867b3eb2#rustfmt",
      "source": "devbox-search",
      "version": "1.95.0",
      "systems": {
        "aarch64-darwin": {
          "outputs": [
            {
              "name": "out",
              "path": "/nix/store/mpb5lx4grh44xg95mim3f2sbarwl13hv-rustfmt-1.95.0",
              "default": true
            }
          ],
          "store_path": "/nix/store/mpb5lx4grh44xg95mim3f2sbarwl13hv-rustfmt-1.95.0"
        },
        "aarch64-linux": {
          "outputs": [
            {
              "name": "out",
              "path": "/nix/store/lyppkpp50famfpbbmmravahq85rjbz48-rustfmt-1.95.0",
              "default": true
            }
          ],
          "store_path": "/nix/store/lyppkpp50famfpbbmmravahq85rjbz48-rustfmt-1.95.0"
        },
        "x86_64-darwin": {
          "outputs": [
            {
              "name": "out",
              "path": "/nix/store/3w8bdmiz9xjr7yyggvpkf60pg8rm8km3-rustfmt-1.95.0",
              "default": true
            }
          ],
          "store_path": "/nix/store/3w8bdmiz9xjr7yyggvpkf60pg8rm8km3-rustfmt-1.95.0"
        },
        "x86_64-linux": {
          "outputs": [
            {
              "name": "out",
              "path": "/nix/store/1x0ba5x31jqzhhk02qz4lxkznmp6q3nl-rustfmt-1.95.0",
              "default": true
            }
          ],
          "store_path": "/nix/store/1x0ba5x31jqzhhk02qz4lxkznmp6q3nl-rustfmt-1.95.0"
        }
      }
    },
    "squashfsTools@4.7.5": {
      "last_modified": "2026-05-21T08:15:18Z",
      "resolved": "github:NixOS/nixpkgs/4a29d733e8a7d5b824c3d8c958a946a9867b3eb2#squashfsTools",
      "source": "devbox-search",
      "version": "4.7.5",
      "systems": {
        "aarch64-darwin": {
          "outputs": [
            {
              "name": "out",
              "path": "/nix/store/g3jf39z4ihnglzgysjx5qpp4f1hckh5i-squashfs-4.7.5",
              "default": true
            }
          ],
          "store_path": "/nix/store/g3jf39z4ihnglzgysjx5qpp4f1hckh5i-squashfs-4.7.5"
        },
        "aarch64-linux": {
          "outputs": [
            {
              "name": "out",
              "path": "/nix/store/r4qhgjk089qscgdwmvnjw9hqhx0dagyl-squashfs-4.7.5",
              "default": true
            }
          ],
          "store_path": "/nix/store/r4qhgjk089qscgdwmvnjw9hqhx0dagyl-squashfs-4.7.5"
        },
        "x86_64-darwin": {
          "outputs": [
            {
              "name": "out",
              "path": "/nix/store/bf7p63cnpii9fq0kxlhxaw4pmrv30i36-squashfs-4.7.5",
              "default": true
            }
          ],
          "store_path": "/nix/store/bf7p63cnpii9fq0kxlhxaw4pmrv30i36-squashfs-4.7.5"
        },
        "x86_64-linux": {
          "outputs": [
            {
              "name": "out",
              "path": "/nix/store/p42q8hjiphnms28ym8pwq7mbs9snl0f2-squashfs-4.7.5",
              "default": true
            }
          ],
          "store_path": "/nix/store/p42q8hjiphnms28ym8pwq7mbs9snl0f2-squashfs-4.7.5"
        }
      }
    }
  }
}
