{
  "name": "impeccable",
  "version": "4.1.0",
  "lockfileVersion": 3,
  "requires": true,
  "packages": {
    "": {
      "name": "impeccable",
      "version": "4.1.0",
      "license": "Apache-2.0",
      "bin": {
        "impeccable": "cli/bin/cli.js"
      },
      "devDependencies": {
        "@ai-sdk/anthropic": "^4.0.7",
        "@ai-sdk/google": "^4.0.8",
        "@ai-sdk/openai": "^4.0.7",
        "@anthropic-ai/claude-agent-sdk": "^0.3.165",
        "@anthropic-ai/sdk": "^0.123.0",
        "@babel/parser": "^8.0.4",
        "ai": "^7.0.14",
        "archiver": "^8.0.0",
        "playwright": "^1.59.1",
        "puppeteer": "^25.1.0",
        "svelte": "^5",
        "zod": "^4.3.6"
      },
      "engines": {
        "node": ">=22.18.0"
      },
      "optionalDependencies": {
        "@impeccable/cli-darwin-arm64": "0.1.5",
        "@impeccable/cli-darwin-x64": "0.1.5",
        "@impeccable/cli-linux-arm64": "0.1.5",
        "@impeccable/cli-linux-x64": "0.1.5",
        "@impeccable/cli-windows-x64": "0.1.5"
      }
    },
    "node_modules/@impeccable/cli-linux-x64": {
      "version": "0.1.5",
      "resolved": "https://registry.npmjs.org/@impeccable/cli-linux-x64/-/cli-linux-x64-0.1.5.tgz",
      "integrity": "sha512-JZU7kd7s4DOz9w2gwbbpI1u3YLhrcAUNZg/awjZcQFHJwpizv/MhPVUjHKYuChrPn+Oxlpw7KU8adKY1YrSq8g==",
      "cpu": [
        "x64"
      ],
      "license": "SEE LICENSE IN LICENSE",
      "optional": true,
      "os": [
        "linux"
      ],
      "bin": {
        "impeccable-linux-x64": "bin/impeccable"
      }
    }
  }
}